
Microsoft Visual Studio Solution File, Format Version 12.00
# Visual Studio Version 17
VisualStudioVersion = 17.0.31903.59
MinimumVisualStudioVersion = 10.0.40219.1
Project("{9A19103F-16F7-4668-BE54-9A1E7A4F7556}") = "BedrockService.Service", "Service\BedrockService.Service.csproj", "{13B2B5A8-71E9-49F4-9BFB-3C3B3C0A054C}"
EndProject
Project("{2150E333-8FDC-42A3-9474-1A3956D46DE8}") = "Solution Items", "Solution Items", "{83D2040C-760E-4475-ACBE-587536C90911}"
EndProject
Project("{9A19103F-16F7-4668-BE54-9A1E7A4F7556}") = "BedrockService.Client", "Client\BedrockService.Client.csproj", "{A2DAF70A-925A-4F4B-B7EE-CAACE75D6740}"
EndProject
Project("{9A19103F-16F7-4668-BE54-9A1E7A4F7556}") = "BedrockService.Shared", "BedrockService.Shared\BedrockService.Shared.csproj", "{F146D5E8-EF1F-4785-9150-182631F059B7}"
	ProjectSection(ProjectDependencies) = postProject
		{14BDAF84-F32D-47B0-81C8-1BDE9F54E12E} = {14BDAF84-F32D-47B0-81C8-1BDE9F54E12E}
	EndProjectSection
EndProject
Project("{9A19103F-16F7-4668-BE54-9A1E7A4F7556}") = "ServiceTests", "ServiceTests\ServiceTests.csproj", "{B20CAE22-52BD-4A49-ADA8-04F7C7007155}"
EndProject
Project("{2150E333-8FDC-42A3-9474-1A3956D46DE8}") = "LLPeProviderService", "LLPeProviderService", "{A51912E9-C503-48D2-BFB3-84A4ABD4F8C4}"
EndProject
Project("{8BC9CEB8-8B4A-11D0-8D11-00A0C91BC942}") = "Demangler", "LLPeProviderService\Demangler\Demangler.vcxproj", "{9FC74B2E-BF05-4879-B76B-11105FF74358}"
EndProject
Project("{8BC9CEB8-8B4A-11D0-8D11-00A0C91BC942}") = "LLPeProviderService", "LLPeProviderService\LLPeProviderService\LLPeProviderService.vcxproj", "{14BDAF84-F32D-47B0-81C8-1BDE9F54E12E}"
	ProjectSection(ProjectDependencies) = postProject
		{94100F10-3854-4BCD-B0E3-7580C3362BF4} = {94100F10-3854-4BCD-B0E3-7580C3362BF4}
		{9FC74B2E-BF05-4879-B76B-11105FF74358} = {9FC74B2E-BF05-4879-B76B-11105FF74358}
		{F1841183-5E55-40D1-A013-7498264757D5} = {F1841183-5E55-40D1-A013-7498264757D5}
	EndProjectSection
EndProject
Project("{8BC9CEB8-8B4A-11D0-8D11-00A0C91BC942}") = "PortableExecutable", "LLPeProviderService\PortableExecutable\PortableExecutable.vcxproj", "{F1841183-5E55-40D1-A013-7498264757D5}"
EndProject
Project("{8BC9CEB8-8B4A-11D0-8D11-00A0C91BC942}") = "RawPDB", "LLPeProviderService\RawPDB\RawPDB.vcxproj", "{94100F10-3854-4BCD-B0E3-7580C3362BF4}"
EndProject
Global
	GlobalSection(SolutionConfigurationPlatforms) = preSolution
		Debug|Any CPU = Debug|Any CPU
		Debug|x64 = Debug|x64
		Debug|x86 = Debug|x86
		Publish|Any CPU = Publish|Any CPU
		Publish|x64 = Publish|x64
		Publish|x86 = Publish|x86
		Release|Any CPU = Release|Any CPU
		Release|x64 = Release|x64
		Release|x86 = Release|x86
	EndGlobalSection
	GlobalSection(ProjectConfigurationPlatforms) = postSolution
		{13B2B5A8-71E9-49F4-9BFB-3C3B3C0A054C}.Debug|Any CPU.ActiveCfg = Debug|Any CPU
		{13B2B5A8-71E9-49F4-9BFB-3C3B3C0A054C}.Debug|Any CPU.Build.0 = Debug|Any CPU
		{13B2B5A8-71E9-49F4-9BFB-3C3B3C0A054C}.Debug|x64.ActiveCfg = Debug|x64
		{13B2B5A8-71E9-49F4-9BFB-3C3B3C0A054C}.Debug|x64.Build.0 = Debug|x64
		{13B2B5A8-71E9-49F4-9BFB-3C3B3C0A054C}.Debug|x86.ActiveCfg = Debug|Any CPU
		{13B2B5A8-71E9-49F4-9BFB-3C3B3C0A054C}.Debug|x86.Build.0 = Debug|Any CPU
		{13B2B5A8-71E9-49F4-9BFB-3C3B3C0A054C}.Publish|Any CPU.ActiveCfg = Publish|Any CPU
		{13B2B5A8-71E9-49F4-9BFB-3C3B3C0A054C}.Publish|Any CPU.Build.0 = Publish|Any CPU
		{13B2B5A8-71E9-49F4-9BFB-3C3B3C0A054C}.Publish|x64.ActiveCfg = Publish|x64
		{13B2B5A8-71E9-49F4-9BFB-3C3B3C0A054C}.Publish|x64.Build.0 = Publish|x64
		{13B2B5A8-71E9-49F4-9BFB-3C3B3C0A054C}.Publish|x86.ActiveCfg = Publish|Any CPU
		{13B2B5A8-71E9-49F4-9BFB-3C3B3C0A054C}.Publish|x86.Build.0 = Publish|Any CPU
		{13B2B5A8-71E9-49F4-9BFB-3C3B3C0A054C}.Release|Any CPU.ActiveCfg = Release|Any CPU
		{13B2B5A8-71E9-49F4-9BFB-3C3B3C0A054C}.Release|Any CPU.Build.0 = Release|Any CPU
		{13B2B5A8-71E9-49F4-9BFB-3C3B3C0A054C}.Release|x64.ActiveCfg = Release|x64
		{13B2B5A8-71E9-49F4-9BFB-3C3B3C0A054C}.Release|x64.Build.0 = Release|x64
		{13B2B5A8-71E9-49F4-9BFB-3C3B3C0A054C}.Release|x86.ActiveCfg = Release|Any CPU
		{13B2B5A8-71E9-49F4-9BFB-3C3B3C0A054C}.Release|x86.Build.0 = Release|Any CPU
		{A2DAF70A-925A-4F4B-B7EE-CAACE75D6740}.Debug|Any CPU.ActiveCfg = Debug|Any CPU
		{A2DAF70A-925A-4F4B-B7EE-CAACE75D6740}.Debug|Any CPU.Build.0 = Debug|Any CPU
		{A2DAF70A-925A-4F4B-B7EE-CAACE75D6740}.Debug|x64.ActiveCfg = Debug|x64
		{A2DAF70A-925A-4F4B-B7EE-CAACE75D6740}.Debug|x64.Build.0 = Debug|x64
		{A2DAF70A-925A-4F4B-B7EE-CAACE75D6740}.Debug|x86.ActiveCfg = Debug|Any CPU
		{A2DAF70A-925A-4F4B-B7EE-CAACE75D6740}.Debug|x86.Build.0 = Debug|Any CPU
		{A2DAF70A-925A-4F4B-B7EE-CAACE75D6740}.Publish|Any CPU.ActiveCfg = Publish|Any CPU
		{A2DAF70A-925A-4F4B-B7EE-CAACE75D6740}.Publish|Any CPU.Build.0 = Publish|Any CPU
		{A2DAF70A-925A-4F4B-B7EE-CAACE75D6740}.Publish|x64.ActiveCfg = Publish|x64
		{A2DAF70A-925A-4F4B-B7EE-CAACE75D6740}.Publish|x64.Build.0 = Publish|x64
		{A2DAF70A-925A-4F4B-B7EE-CAACE75D6740}.Publish|x86.ActiveCfg = Publish|Any CPU
		{A2DAF70A-925A-4F4B-B7EE-CAACE75D6740}.Publish|x86.Build.0 = Publish|Any CPU
		{A2DAF70A-925A-4F4B-B7EE-CAACE75D6740}.Release|Any CPU.ActiveCfg = Release|Any CPU
		{A2DAF70A-925A-4F4B-B7EE-CAACE75D6740}.Release|Any CPU.Build.0 = Release|Any CPU
		{A2DAF70A-925A-4F4B-B7EE-CAACE75D6740}.Release|x64.ActiveCfg = Release|x64
		{A2DAF70A-925A-4F4B-B7EE-CAACE75D6740}.Release|x64.Build.0 = Release|x64
		{A2DAF70A-925A-4F4B-B7EE-CAACE75D6740}.Release|x86.ActiveCfg = Release|Any CPU
		{A2DAF70A-925A-4F4B-B7EE-CAACE75D6740}.Release|x86.Build.0 = Release|Any CPU
		{F146D5E8-EF1F-4785-9150-182631F059B7}.Debug|Any CPU.ActiveCfg = Debug|Any CPU
		{F146D5E8-EF1F-4785-9150-182631F059B7}.Debug|Any CPU.Build.0 = Debug|Any CPU
		{F146D5E8-EF1F-4785-9150-182631F059B7}.Debug|x64.ActiveCfg = Debug|x64
		{F146D5E8-EF1F-4785-9150-182631F059B7}.Debug|x64.Build.0 = Debug|x64
		{F146D5E8-EF1F-4785-9150-182631F059B7}.Debug|x86.ActiveCfg = Debug|Any CPU
		{F146D5E8-EF1F-4785-9150-182631F059B7}.Debug|x86.Build.0 = Debug|Any CPU
		{F146D5E8-EF1F-4785-9150-182631F059B7}.Publish|Any CPU.ActiveCfg = Publish|Any CPU
		{F146D5E8-EF1F-4785-9150-182631F059B7}.Publish|Any CPU.Build.0 = Publish|Any CPU
		{F146D5E8-EF1F-4785-9150-182631F059B7}.Publish|x64.ActiveCfg = Publish|x64
		{F146D5E8-EF1F-4785-9150-182631F059B7}.Publish|x64.Build.0 = Publish|x64
		{F146D5E8-EF1F-4785-9150-182631F059B7}.Publish|x86.ActiveCfg = Publish|Any CPU
		{F146D5E8-EF1F-4785-9150-182631F059B7}.Publish|x86.Build.0 = Publish|Any CPU
		{F146D5E8-EF1F-4785-9150-182631F059B7}.Release|Any CPU.ActiveCfg = Release|Any CPU
		{F146D5E8-EF1F-4785-9150-182631F059B7}.Release|Any CPU.Build.0 = Release|Any CPU
		{F146D5E8-EF1F-4785-9150-182631F059B7}.Release|x64.ActiveCfg = Release|x64
		{F146D5E8-EF1F-4785-9150-182631F059B7}.Release|x64.Build.0 = Release|x64
		{F146D5E8-EF1F-4785-9150-182631F059B7}.Release|x86.ActiveCfg = Release|Any CPU
		{F146D5E8-EF1F-4785-9150-182631F059B7}.Release|x86.Build.0 = Release|Any CPU
		{B20CAE22-52BD-4A49-ADA8-04F7C7007155}.Debug|Any CPU.ActiveCfg = Debug|Any CPU
		{B20CAE22-52BD-4A49-ADA8-04F7C7007155}.Debug|Any CPU.Build.0 = Debug|Any CPU
		{B20CAE22-52BD-4A49-ADA8-04F7C7007155}.Debug|x64.ActiveCfg = Debug|x64
		{B20CAE22-52BD-4A49-ADA8-04F7C7007155}.Debug|x64.Build.0 = Debug|x64
		{B20CAE22-52BD-4A49-ADA8-04F7C7007155}.Debug|x86.ActiveCfg = Debug|Any CPU
		{B20CAE22-52BD-4A49-ADA8-04F7C7007155}.Debug|x86.Build.0 = Debug|Any CPU
		{B20CAE22-52BD-4A49-ADA8-04F7C7007155}.Publish|Any CPU.ActiveCfg = Publish|Any CPU
		{B20CAE22-52BD-4A49-ADA8-04F7C7007155}.Publish|Any CPU.Build.0 = Publish|Any CPU
		{B20CAE22-52BD-4A49-ADA8-04F7C7007155}.Publish|x64.ActiveCfg = Publish|x64
		{B20CAE22-52BD-4A49-ADA8-04F7C7007155}.Publish|x64.Build.0 = Publish|x64
		{B20CAE22-52BD-4A49-ADA8-04F7C7007155}.Publish|x86.ActiveCfg = Publish|Any CPU
		{B20CAE22-52BD-4A49-ADA8-04F7C7007155}.Publish|x86.Build.0 = Publish|Any CPU
		{B20CAE22-52BD-4A49-ADA8-04F7C7007155}.Release|Any CPU.ActiveCfg = Release|Any CPU
		{B20CAE22-52BD-4A49-ADA8-04F7C7007155}.Release|Any CPU.Build.0 = Release|Any CPU
		{B20CAE22-52BD-4A49-ADA8-04F7C7007155}.Release|x64.ActiveCfg = Release|x64
		{B20CAE22-52BD-4A49-ADA8-04F7C7007155}.Release|x64.Build.0 = Release|x64
		{B20CAE22-52BD-4A49-ADA8-04F7C7007155}.Release|x86.ActiveCfg = Release|Any CPU
		{B20CAE22-52BD-4A49-ADA8-04F7C7007155}.Release|x86.Build.0 = Release|Any CPU
		{9FC74B2E-BF05-4879-B76B-11105FF74358}.Debug|Any CPU.ActiveCfg = Release|x64
		{9FC74B2E-BF05-4879-B76B-11105FF74358}.Debug|Any CPU.Build.0 = Release|x64
		{9FC74B2E-BF05-4879-B76B-11105FF74358}.Debug|x64.ActiveCfg = Release|x64
		{9FC74B2E-BF05-4879-B76B-11105FF74358}.Debug|x64.Build.0 = Release|x64
		{9FC74B2E-BF05-4879-B76B-11105FF74358}.Debug|x86.ActiveCfg = Release|Win32
		{9FC74B2E-BF05-4879-B76B-11105FF74358}.Debug|x86.Build.0 = Release|Win32
		{9FC74B2E-BF05-4879-B76B-11105FF74358}.Publish|Any CPU.ActiveCfg = Release|x64
		{9FC74B2E-BF05-4879-B76B-11105FF74358}.Publish|Any CPU.Build.0 = Release|x64
		{9FC74B2E-BF05-4879-B76B-11105FF74358}.Publish|x64.ActiveCfg = Release|x64
		{9FC74B2E-BF05-4879-B76B-11105FF74358}.Publish|x64.Build.0 = Release|x64
		{9FC74B2E-BF05-4879-B76B-11105FF74358}.Publish|x86.ActiveCfg = Release|Win32
		{9FC74B2E-BF05-4879-B76B-11105FF74358}.Publish|x86.Build.0 = Release|Win32
		{9FC74B2E-BF05-4879-B76B-11105FF74358}.Release|Any CPU.ActiveCfg = Release|x64
		{9FC74B2E-BF05-4879-B76B-11105FF74358}.Release|Any CPU.Build.0 = Release|x64
		{9FC74B2E-BF05-4879-B76B-11105FF74358}.Release|x64.ActiveCfg = Release|x64
		{9FC74B2E-BF05-4879-B76B-11105FF74358}.Release|x64.Build.0 = Release|x64
		{9FC74B2E-BF05-4879-B76B-11105FF74358}.Release|x86.ActiveCfg = Release|Win32
		{9FC74B2E-BF05-4879-B76B-11105FF74358}.Release|x86.Build.0 = Release|Win32
		{14BDAF84-F32D-47B0-81C8-1BDE9F54E12E}.Debug|Any CPU.ActiveCfg = Release|x64
		{14BDAF84-F32D-47B0-81C8-1BDE9F54E12E}.Debug|Any CPU.Build.0 = Release|x64
		{14BDAF84-F32D-47B0-81C8-1BDE9F54E12E}.Debug|x64.ActiveCfg = Release|x64
		{14BDAF84-F32D-47B0-81C8-1BDE9F54E12E}.Debug|x64.Build.0 = Release|x64
		{14BDAF84-F32D-47B0-81C8-1BDE9F54E12E}.Debug|x86.ActiveCfg = Debug|Win32
		{14BDAF84-F32D-47B0-81C8-1BDE9F54E12E}.Debug|x86.Build.0 = Debug|Win32
		{14BDAF84-F32D-47B0-81C8-1BDE9F54E12E}.Publish|Any CPU.ActiveCfg = Debug|x64
		{14BDAF84-F32D-47B0-81C8-1BDE9F54E12E}.Publish|Any CPU.Build.0 = Debug|x64
		{14BDAF84-F32D-47B0-81C8-1BDE9F54E12E}.Publish|x64.ActiveCfg = Debug|x64
		{14BDAF84-F32D-47B0-81C8-1BDE9F54E12E}.Publish|x64.Build.0 = Debug|x64
		{14BDAF84-F32D-47B0-81C8-1BDE9F54E12E}.Publish|x86.ActiveCfg = Debug|Win32
		{14BDAF84-F32D-47B0-81C8-1BDE9F54E12E}.Publish|x86.Build.0 = Debug|Win32
		{14BDAF84-F32D-47B0-81C8-1BDE9F54E12E}.Release|Any CPU.ActiveCfg = Release|x64
		{14BDAF84-F32D-47B0-81C8-1BDE9F54E12E}.Release|Any CPU.Build.0 = Release|x64
		{14BDAF84-F32D-47B0-81C8-1BDE9F54E12E}.Release|x64.ActiveCfg = Release|x64
		{14BDAF84-F32D-47B0-81C8-1BDE9F54E12E}.Release|x64.Build.0 = Release|x64
		{14BDAF84-F32D-47B0-81C8-1BDE9F54E12E}.Release|x86.ActiveCfg = Release|Win32
		{14BDAF84-F32D-47B0-81C8-1BDE9F54E12E}.Release|x86.Build.0 = Release|Win32
		{F1841183-5E55-40D1-A013-7498264757D5}.Debug|Any CPU.ActiveCfg = Release|x64
		{F1841183-5E55-40D1-A013-7498264757D5}.Debug|Any CPU.Build.0 = Release|x64
		{F1841183-5E55-40D1-A013-7498264757D5}.Debug|x64.ActiveCfg = Release|x64
		{F1841183-5E55-40D1-A013-7498264757D5}.Debug|x64.Build.0 = Release|x64
		{F1841183-5E55-40D1-A013-7498264757D5}.Debug|x86.ActiveCfg = Debug|Win32
		{F1841183-5E55-40D1-A013-7498264757D5}.Debug|x86.Build.0 = Debug|Win32
		{F1841183-5E55-40D1-A013-7498264757D5}.Publish|Any CPU.ActiveCfg = Debug|x64
		{F1841183-5E55-40D1-A013-7498264757D5}.Publish|Any CPU.Build.0 = Debug|x64
		{F1841183-5E55-40D1-A013-7498264757D5}.Publish|x64.ActiveCfg = Debug|x64
		{F1841183-5E55-40D1-A013-7498264757D5}.Publish|x64.Build.0 = Debug|x64
		{F1841183-5E55-40D1-A013-7498264757D5}.Publish|x86.ActiveCfg = Debug|Win32
		{F1841183-5E55-40D1-A013-7498264757D5}.Publish|x86.Build.0 = Debug|Win32
		{F1841183-5E55-40D1-A013-7498264757D5}.Release|Any CPU.ActiveCfg = Release|x64
		{F1841183-5E55-40D1-A013-7498264757D5}.Release|Any CPU.Build.0 = Release|x64
		{F1841183-5E55-40D1-A013-7498264757D5}.Release|x64.ActiveCfg = Release|x64
		{F1841183-5E55-40D1-A013-7498264757D5}.Release|x64.Build.0 = Release|x64
		{F1841183-5E55-40D1-A013-7498264757D5}.Release|x86.ActiveCfg = Release|Win32
		{F1841183-5E55-40D1-A013-7498264757D5}.Release|x86.Build.0 = Release|Win32
		{94100F10-3854-4BCD-B0E3-7580C3362BF4}.Debug|Any CPU.ActiveCfg = Release|x64
		{94100F10-3854-4BCD-B0E3-7580C3362BF4}.Debug|Any CPU.Build.0 = Release|x64
		{94100F10-3854-4BCD-B0E3-7580C3362BF4}.Debug|x64.ActiveCfg = Release|x64
		{94100F10-3854-4BCD-B0E3-7580C3362BF4}.Debug|x64.Build.0 = Release|x64
		{94100F10-3854-4BCD-B0E3-7580C3362BF4}.Debug|x86.ActiveCfg = Debug|Win32
		{94100F10-3854-4BCD-B0E3-7580C3362BF4}.Debug|x86.Build.0 = Debug|Win32
		{94100F10-3854-4BCD-B0E3-7580C3362BF4}.Publish|Any CPU.ActiveCfg = Debug|x64
		{94100F10-3854-4BCD-B0E3-7580C3362BF4}.Publish|Any CPU.Build.0 = Debug|x64
		{94100F10-3854-4BCD-B0E3-7580C3362BF4}.Publish|x64.ActiveCfg = Debug|x64
		{94100F10-3854-4BCD-B0E3-7580C3362BF4}.Publish|x64.Build.0 = Debug|x64
		{94100F10-3854-4BCD-B0E3-7580C3362BF4}.Publish|x86.ActiveCfg = Debug|Win32
		{94100F10-3854-4BCD-B0E3-7580C3362BF4}.Publish|x86.Build.0 = Debug|Win32
		{94100F10-3854-4BCD-B0E3-7580C3362BF4}.Release|Any CPU.ActiveCfg = Release|x64
		{94100F10-3854-4BCD-B0E3-7580C3362BF4}.Release|Any CPU.Build.0 = Release|x64
		{94100F10-3854-4BCD-B0E3-7580C3362BF4}.Release|x64.ActiveCfg = Release|x64
		{94100F10-3854-4BCD-B0E3-7580C3362BF4}.Release|x64.Build.0 = Release|x64
		{94100F10-3854-4BCD-B0E3-7580C3362BF4}.Release|x86.ActiveCfg = Release|Win32
		{94100F10-3854-4BCD-B0E3-7580C3362BF4}.Release|x86.Build.0 = Release|Win32
	EndGlobalSection
	GlobalSection(SolutionProperties) = preSolution
		HideSolutionNode = FALSE
	EndGlobalSection
	GlobalSection(NestedProjects) = preSolution
		{13B2B5A8-71E9-49F4-9BFB-3C3B3C0A054C} = {83D2040C-760E-4475-ACBE-587536C90911}
		{A2DAF70A-925A-4F4B-B7EE-CAACE75D6740} = {83D2040C-760E-4475-ACBE-587536C90911}
		{F146D5E8-EF1F-4785-9150-182631F059B7} = {83D2040C-760E-4475-ACBE-587536C90911}
		{9FC74B2E-BF05-4879-B76B-11105FF74358} = {A51912E9-C503-48D2-BFB3-84A4ABD4F8C4}
		{14BDAF84-F32D-47B0-81C8-1BDE9F54E12E} = {A51912E9-C503-48D2-BFB3-84A4ABD4F8C4}
		{F1841183-5E55-40D1-A013-7498264757D5} = {A51912E9-C503-48D2-BFB3-84A4ABD4F8C4}
		{94100F10-3854-4BCD-B0E3-7580C3362BF4} = {A51912E9-C503-48D2-BFB3-84A4ABD4F8C4}
	EndGlobalSection
	GlobalSection(ExtensibilityGlobals) = postSolution
		SolutionGuid = {7A40EC18-E15E-44CE-87EE-61F71CBC3FB6}
	EndGlobalSection
EndGlobal
