
Microsoft Visual Studio Solution File, Format Version 12.00
# Visual Studio Version 17
VisualStudioVersion = 17.0.31903.59
MinimumVisualStudioVersion = 10.0.40219.1
Project("{9A19103F-16F7-4668-BE54-9A1E7A4F7556}") = "MinecraftService.Service", "Service\MinecraftService.Service.csproj", "{13B2B5A8-71E9-49F4-9BFB-3C3B3C0A054C}"
EndProject
Project("{2150E333-8FDC-42A3-9474-1A3956D46DE8}") = "Solution Items", "Solution Items", "{83D2040C-760E-4475-ACBE-587536C90911}"
	ProjectSection(SolutionItems) = preProject
		Client\.editorconfig = Client\.editorconfig
	EndProjectSection
EndProject
Project("{9A19103F-16F7-4668-BE54-9A1E7A4F7556}") = "MinecraftService.Client", "Client\MinecraftService.Client.csproj", "{A2DAF70A-925A-4F4B-B7EE-CAACE75D6740}"
EndProject
Project("{9A19103F-16F7-4668-BE54-9A1E7A4F7556}") = "MinecraftService.Shared", "MinecraftService.Shared\MinecraftService.Shared.csproj", "{F146D5E8-EF1F-4785-9150-182631F059B7}"
EndProject
Project("{9A19103F-16F7-4668-BE54-9A1E7A4F7556}") = "MMS_Tests", "ServiceTests\MMS_Tests.csproj", "{B20CAE22-52BD-4A49-ADA8-04F7C7007155}"
EndProject
Project("{FAE04EC0-301F-11D3-BF4B-00C04F79EFBC}") = "BedrockPropSpecApp", "BedrockPropSpecApp\BedrockPropSpecApp.csproj", "{90B40E75-EB46-4352-98D8-114BD2AB7DF0}"
EndProject
Global
	GlobalSection(SolutionConfigurationPlatforms) = preSolution
		Debug|Any CPU = Debug|Any CPU
		Debug|x64 = Debug|x64
		Debug|x86 = Debug|x86
		Publish|Any CPU = Publish|Any CPU
		Publish|x64 = Publish|x64
		Publish|x86 = Publish|x86
		Release|Any CPU = Release|Any CPU
		Release|x64 = Release|x64
		Release|x86 = Release|x86
	EndGlobalSection
	GlobalSection(ProjectConfigurationPlatforms) = postSolution
		{13B2B5A8-71E9-49F4-9BFB-3C3B3C0A054C}.Debug|Any CPU.ActiveCfg = Debug|Any CPU
		{13B2B5A8-71E9-49F4-9BFB-3C3B3C0A054C}.Debug|Any CPU.Build.0 = Debug|Any CPU
		{13B2B5A8-71E9-49F4-9BFB-3C3B3C0A054C}.Debug|x64.ActiveCfg = Debug|x64
		{13B2B5A8-71E9-49F4-9BFB-3C3B3C0A054C}.Debug|x64.Build.0 = Debug|x64
		{13B2B5A8-71E9-49F4-9BFB-3C3B3C0A054C}.Debug|x86.ActiveCfg = Debug|Any CPU
		{13B2B5A8-71E9-49F4-9BFB-3C3B3C0A054C}.Debug|x86.Build.0 = Debug|Any CPU
		{13B2B5A8-71E9-49F4-9BFB-3C3B3C0A054C}.Publish|Any CPU.ActiveCfg = Publish|Any CPU
		{13B2B5A8-71E9-49F4-9BFB-3C3B3C0A054C}.Publish|Any CPU.Build.0 = Publish|Any CPU
		{13B2B5A8-71E9-49F4-9BFB-3C3B3C0A054C}.Publish|x64.ActiveCfg = Publish|x64
		{13B2B5A8-71E9-49F4-9BFB-3C3B3C0A054C}.Publish|x64.Build.0 = Publish|x64
		{13B2B5A8-71E9-49F4-9BFB-3C3B3C0A054C}.Publish|x86.ActiveCfg = Publish|Any CPU
		{13B2B5A8-71E9-49F4-9BFB-3C3B3C0A054C}.Publish|x86.Build.0 = Publish|Any CPU
		{13B2B5A8-71E9-49F4-9BFB-3C3B3C0A054C}.Release|Any CPU.ActiveCfg = Release|Any CPU
		{13B2B5A8-71E9-49F4-9BFB-3C3B3C0A054C}.Release|Any CPU.Build.0 = Release|Any CPU
		{13B2B5A8-71E9-49F4-9BFB-3C3B3C0A054C}.Release|x64.ActiveCfg = Release|x64
		{13B2B5A8-71E9-49F4-9BFB-3C3B3C0A054C}.Release|x64.Build.0 = Release|x64
		{13B2B5A8-71E9-49F4-9BFB-3C3B3C0A054C}.Release|x86.ActiveCfg = Release|Any CPU
		{13B2B5A8-71E9-49F4-9BFB-3C3B3C0A054C}.Release|x86.Build.0 = Release|Any CPU
		{A2DAF70A-925A-4F4B-B7EE-CAACE75D6740}.Debug|Any CPU.ActiveCfg = Debug|Any CPU
		{A2DAF70A-925A-4F4B-B7EE-CAACE75D6740}.Debug|Any CPU.Build.0 = Debug|Any CPU
		{A2DAF70A-925A-4F4B-B7EE-CAACE75D6740}.Debug|x64.ActiveCfg = Debug|x64
		{A2DAF70A-925A-4F4B-B7EE-CAACE75D6740}.Debug|x64.Build.0 = Debug|x64
		{A2DAF70A-925A-4F4B-B7EE-CAACE75D6740}.Debug|x86.ActiveCfg = Debug|Any CPU
		{A2DAF70A-925A-4F4B-B7EE-CAACE75D6740}.Debug|x86.Build.0 = Debug|Any CPU
		{A2DAF70A-925A-4F4B-B7EE-CAACE75D6740}.Publish|Any CPU.ActiveCfg = Publish|Any CPU
		{A2DAF70A-925A-4F4B-B7EE-CAACE75D6740}.Publish|Any CPU.Build.0 = Publish|Any CPU
		{A2DAF70A-925A-4F4B-B7EE-CAACE75D6740}.Publish|x64.ActiveCfg = Publish|x64
		{A2DAF70A-925A-4F4B-B7EE-CAACE75D6740}.Publish|x64.Build.0 = Publish|x64
		{A2DAF70A-925A-4F4B-B7EE-CAACE75D6740}.Publish|x86.ActiveCfg = Publish|Any CPU
		{A2DAF70A-925A-4F4B-B7EE-CAACE75D6740}.Publish|x86.Build.0 = Publish|Any CPU
		{A2DAF70A-925A-4F4B-B7EE-CAACE75D6740}.Release|Any CPU.ActiveCfg = Release|Any CPU
		{A2DAF70A-925A-4F4B-B7EE-CAACE75D6740}.Release|Any CPU.Build.0 = Release|Any CPU
		{A2DAF70A-925A-4F4B-B7EE-CAACE75D6740}.Release|x64.ActiveCfg = Release|x64
		{A2DAF70A-925A-4F4B-B7EE-CAACE75D6740}.Release|x64.Build.0 = Release|x64
		{A2DAF70A-925A-4F4B-B7EE-CAACE75D6740}.Release|x86.ActiveCfg = Release|Any CPU
		{A2DAF70A-925A-4F4B-B7EE-CAACE75D6740}.Release|x86.Build.0 = Release|Any CPU
		{F146D5E8-EF1F-4785-9150-182631F059B7}.Debug|Any CPU.ActiveCfg = Debug|Any CPU
		{F146D5E8-EF1F-4785-9150-182631F059B7}.Debug|Any CPU.Build.0 = Debug|Any CPU
		{F146D5E8-EF1F-4785-9150-182631F059B7}.Debug|x64.ActiveCfg = Debug|x64
		{F146D5E8-EF1F-4785-9150-182631F059B7}.Debug|x64.Build.0 = Debug|x64
		{F146D5E8-EF1F-4785-9150-182631F059B7}.Debug|x86.ActiveCfg = Debug|Any CPU
		{F146D5E8-EF1F-4785-9150-182631F059B7}.Debug|x86.Build.0 = Debug|Any CPU
		{F146D5E8-EF1F-4785-9150-182631F059B7}.Publish|Any CPU.ActiveCfg = Publish|Any CPU
		{F146D5E8-EF1F-4785-9150-182631F059B7}.Publish|Any CPU.Build.0 = Publish|Any CPU
		{F146D5E8-EF1F-4785-9150-182631F059B7}.Publish|x64.ActiveCfg = Publish|x64
		{F146D5E8-EF1F-4785-9150-182631F059B7}.Publish|x64.Build.0 = Publish|x64
		{F146D5E8-EF1F-4785-9150-182631F059B7}.Publish|x86.ActiveCfg = Publish|Any CPU
		{F146D5E8-EF1F-4785-9150-182631F059B7}.Publish|x86.Build.0 = Publish|Any CPU
		{F146D5E8-EF1F-4785-9150-182631F059B7}.Release|Any CPU.ActiveCfg = Release|Any CPU
		{F146D5E8-EF1F-4785-9150-182631F059B7}.Release|Any CPU.Build.0 = Release|Any CPU
		{F146D5E8-EF1F-4785-9150-182631F059B7}.Release|x64.ActiveCfg = Release|x64
		{F146D5E8-EF1F-4785-9150-182631F059B7}.Release|x64.Build.0 = Release|x64
		{F146D5E8-EF1F-4785-9150-182631F059B7}.Release|x86.ActiveCfg = Release|Any CPU
		{F146D5E8-EF1F-4785-9150-182631F059B7}.Release|x86.Build.0 = Release|Any CPU
		{B20CAE22-52BD-4A49-ADA8-04F7C7007155}.Debug|Any CPU.ActiveCfg = Debug|Any CPU
		{B20CAE22-52BD-4A49-ADA8-04F7C7007155}.Debug|Any CPU.Build.0 = Debug|Any CPU
		{B20CAE22-52BD-4A49-ADA8-04F7C7007155}.Debug|x64.ActiveCfg = Debug|x64
		{B20CAE22-52BD-4A49-ADA8-04F7C7007155}.Debug|x64.Build.0 = Debug|x64
		{B20CAE22-52BD-4A49-ADA8-04F7C7007155}.Debug|x86.ActiveCfg = Debug|Any CPU
		{B20CAE22-52BD-4A49-ADA8-04F7C7007155}.Debug|x86.Build.0 = Debug|Any CPU
		{B20CAE22-52BD-4A49-ADA8-04F7C7007155}.Publish|Any CPU.ActiveCfg = Publish|Any CPU
		{B20CAE22-52BD-4A49-ADA8-04F7C7007155}.Publish|Any CPU.Build.0 = Publish|Any CPU
		{B20CAE22-52BD-4A49-ADA8-04F7C7007155}.Publish|x64.ActiveCfg = Publish|x64
		{B20CAE22-52BD-4A49-ADA8-04F7C7007155}.Publish|x64.Build.0 = Publish|x64
		{B20CAE22-52BD-4A49-ADA8-04F7C7007155}.Publish|x86.ActiveCfg = Publish|Any CPU
		{B20CAE22-52BD-4A49-ADA8-04F7C7007155}.Publish|x86.Build.0 = Publish|Any CPU
		{B20CAE22-52BD-4A49-ADA8-04F7C7007155}.Release|Any CPU.ActiveCfg = Release|Any CPU
		{B20CAE22-52BD-4A49-ADA8-04F7C7007155}.Release|Any CPU.Build.0 = Release|Any CPU
		{B20CAE22-52BD-4A49-ADA8-04F7C7007155}.Release|x64.ActiveCfg = Release|x64
		{B20CAE22-52BD-4A49-ADA8-04F7C7007155}.Release|x64.Build.0 = Release|x64
		{B20CAE22-52BD-4A49-ADA8-04F7C7007155}.Release|x86.ActiveCfg = Release|Any CPU
		{B20CAE22-52BD-4A49-ADA8-04F7C7007155}.Release|x86.Build.0 = Release|Any CPU
		{90B40E75-EB46-4352-98D8-114BD2AB7DF0}.Debug|Any CPU.ActiveCfg = Debug|Any CPU
		{90B40E75-EB46-4352-98D8-114BD2AB7DF0}.Debug|Any CPU.Build.0 = Debug|Any CPU
		{90B40E75-EB46-4352-98D8-114BD2AB7DF0}.Debug|x64.ActiveCfg = Debug|Any CPU
		{90B40E75-EB46-4352-98D8-114BD2AB7DF0}.Debug|x64.Build.0 = Debug|Any CPU
		{90B40E75-EB46-4352-98D8-114BD2AB7DF0}.Debug|x86.ActiveCfg = Debug|Any CPU
		{90B40E75-EB46-4352-98D8-114BD2AB7DF0}.Debug|x86.Build.0 = Debug|Any CPU
		{90B40E75-EB46-4352-98D8-114BD2AB7DF0}.Publish|Any CPU.ActiveCfg = Debug|Any CPU
		{90B40E75-EB46-4352-98D8-114BD2AB7DF0}.Publish|Any CPU.Build.0 = Debug|Any CPU
		{90B40E75-EB46-4352-98D8-114BD2AB7DF0}.Publish|x64.ActiveCfg = Debug|Any CPU
		{90B40E75-EB46-4352-98D8-114BD2AB7DF0}.Publish|x64.Build.0 = Debug|Any CPU
		{90B40E75-EB46-4352-98D8-114BD2AB7DF0}.Publish|x86.ActiveCfg = Debug|Any CPU
		{90B40E75-EB46-4352-98D8-114BD2AB7DF0}.Publish|x86.Build.0 = Debug|Any CPU
		{90B40E75-EB46-4352-98D8-114BD2AB7DF0}.Release|Any CPU.ActiveCfg = Release|Any CPU
		{90B40E75-EB46-4352-98D8-114BD2AB7DF0}.Release|Any CPU.Build.0 = Release|Any CPU
		{90B40E75-EB46-4352-98D8-114BD2AB7DF0}.Release|x64.ActiveCfg = Release|Any CPU
		{90B40E75-EB46-4352-98D8-114BD2AB7DF0}.Release|x64.Build.0 = Release|Any CPU
		{90B40E75-EB46-4352-98D8-114BD2AB7DF0}.Release|x86.ActiveCfg = Release|Any CPU
		{90B40E75-EB46-4352-98D8-114BD2AB7DF0}.Release|x86.Build.0 = Release|Any CPU
	EndGlobalSection
	GlobalSection(SolutionProperties) = preSolution
		HideSolutionNode = FALSE
	EndGlobalSection
	GlobalSection(NestedProjects) = preSolution
		{13B2B5A8-71E9-49F4-9BFB-3C3B3C0A054C} = {83D2040C-760E-4475-ACBE-587536C90911}
		{A2DAF70A-925A-4F4B-B7EE-CAACE75D6740} = {83D2040C-760E-4475-ACBE-587536C90911}
		{F146D5E8-EF1F-4785-9150-182631F059B7} = {83D2040C-760E-4475-ACBE-587536C90911}
	EndGlobalSection
	GlobalSection(ExtensibilityGlobals) = postSolution
		SolutionGuid = {7A40EC18-E15E-44CE-87EE-61F71CBC3FB6}
	EndGlobalSection
EndGlobal
