<?xml version="1.0" encoding="utf-8"?>
<Project ToolsVersion="4.0" xmlns="http://schemas.microsoft.com/developer/msbuild/2003">
  <ItemGroup>
    <Filter Include="Header">
      <UniqueIdentifier>{93995380-89BD-4b04-88EB-625FBE52EBFB}</UniqueIdentifier>
      <Extensions>h;hh;hpp;hxx;h++;hm;inl;inc;ipp;xsd</Extensions>
    </Filter>
    <Filter Include="Source">
      <UniqueIdentifier>{4FC737F1-C7A5-4376-A066-2A32D752A2FF}</UniqueIdentifier>
      <Extensions>cpp;c;cc;cxx;c++;cppm;ixx;def;odl;idl;hpj;bat;asm;asmx</Extensions>
    </Filter>
  </ItemGroup>
  <ItemGroup>
    <ClCompile Include="PDB.cpp">
      <Filter>Source</Filter>
    </ClCompile>
    <ClCompile Include="PDB_CoalescedMSFStream.cpp">
      <Filter>Source</Filter>
    </ClCompile>
    <ClCompile Include="PDB_DBIStream.cpp">
      <Filter>Source</Filter>
    </ClCompile>
    <ClCompile Include="PDB_DBITypes.cpp">
      <Filter>Source</Filter>
    </ClCompile>
    <ClCompile Include="PDB_DirectMSFStream.cpp">
      <Filter>Source</Filter>
    </ClCompile>
    <ClCompile Include="PDB_GlobalSymbolStream.cpp">
      <Filter>Source</Filter>
    </ClCompile>
    <ClCompile Include="PDB_ImageSectionStream.cpp">
      <Filter>Source</Filter>
    </ClCompile>
    <ClCompile Include="PDB_InfoStream.cpp">
      <Filter>Source</Filter>
    </ClCompile>
    <ClCompile Include="PDB_IPIStream.cpp">
      <Filter>Source</Filter>
    </ClCompile>
    <ClCompile Include="PDB_ModuleInfoStream.cpp">
      <Filter>Source</Filter>
    </ClCompile>
    <ClCompile Include="PDB_ModuleSymbolStream.cpp">
      <Filter>Source</Filter>
    </ClCompile>
    <ClCompile Include="PDB_PCH.cpp">
      <Filter>Source</Filter>
    </ClCompile>
    <ClCompile Include="PDB_PublicSymbolStream.cpp">
      <Filter>Source</Filter>
    </ClCompile>
    <ClCompile Include="PDB_RawFile.cpp">
      <Filter>Source</Filter>
    </ClCompile>
    <ClCompile Include="PDB_SectionContributionStream.cpp">
      <Filter>Source</Filter>
    </ClCompile>
    <ClCompile Include="PDB_SourceFileStream.cpp">
      <Filter>Source</Filter>
    </ClCompile>
    <ClCompile Include="PDB_Types.cpp">
      <Filter>Source</Filter>
    </ClCompile>
    <ClCompile Include="pch.cpp">
      <Filter>Source</Filter>
    </ClCompile>
  </ItemGroup>
  <ItemGroup>
    <ClInclude Include="PDB.h">
      <Filter>Header</Filter>
    </ClInclude>
    <ClInclude Include="PDB_CoalescedMSFStream.h">
      <Filter>Header</Filter>
    </ClInclude>
    <ClInclude Include="PDB_DBIStream.h">
      <Filter>Header</Filter>
    </ClInclude>
    <ClInclude Include="PDB_DBITypes.h">
      <Filter>Header</Filter>
    </ClInclude>
    <ClInclude Include="PDB_DirectMSFStream.h">
      <Filter>Header</Filter>
    </ClInclude>
    <ClInclude Include="PDB_ErrorCodes.h">
      <Filter>Header</Filter>
    </ClInclude>
    <ClInclude Include="PDB_GlobalSymbolStream.h">
      <Filter>Header</Filter>
    </ClInclude>
    <ClInclude Include="PDB_ImageSectionStream.h">
      <Filter>Header</Filter>
    </ClInclude>
    <ClInclude Include="PDB_InfoStream.h">
      <Filter>Header</Filter>
    </ClInclude>
    <ClInclude Include="PDB_IPIStream.h">
      <Filter>Header</Filter>
    </ClInclude>
    <ClInclude Include="PDB_IPITypes.h">
      <Filter>Header</Filter>
    </ClInclude>
    <ClInclude Include="PDB_ModuleInfoStream.h">
      <Filter>Header</Filter>
    </ClInclude>
    <ClInclude Include="PDB_ModuleSymbolStream.h">
      <Filter>Header</Filter>
    </ClInclude>
    <ClInclude Include="PDB_PCH.h">
      <Filter>Header</Filter>
    </ClInclude>
    <ClInclude Include="PDB_PublicSymbolStream.h">
      <Filter>Header</Filter>
    </ClInclude>
    <ClInclude Include="PDB_RawFile.h">
      <Filter>Header</Filter>
    </ClInclude>
    <ClInclude Include="pch.h">
      <Filter>Header</Filter>
    </ClInclude>
  </ItemGroup>
</Project>